
Microsoft Visual Studio Solution File, Format Version 12.00
# Visual Studio Version 16
VisualStudioVersion = 16.0.32929.386
MinimumVisualStudioVersion = 10.0.40219.1
Project("{FAE04EC0-301F-11D3-BF4B-00C04F79EFBC}") = "FindReadOnlyByRef", "FindReadOnlyByRef\FindReadOnlyByRef.csproj", "{B72B913E-2068-41ED-B9CF-4C8DE205B17C}"
EndProject
Project("{FAE04EC0-301F-11D3-BF4B-00C04F79EFBC}") = "FindReadOnlyByRef.Package", "FindReadOnlyByRef.Package\FindReadOnlyByRef.Package.csproj", "{2426137A-8B43-4423-8EAE-89600EDCB65E}"
EndProject
Project("{FAE04EC0-301F-11D3-BF4B-00C04F79EFBC}") = "FindReadOnlyByRef.Test", "FindReadOnlyByRef.Test\FindReadOnlyByRef.Test.csproj", "{5E8AEC1B-7A3B-4697-A78D-6E8511754709}"
EndProject
Project("{FAE04EC0-301F-11D3-BF4B-00C04F79EFBC}") = "FindReadOnlyByRef.Vsix", "FindReadOnlyByRef.Vsix\FindReadOnlyByRef.Vsix.csproj", "{CF5C931D-3637-4E87-BFA6-11DEA422686D}"
EndProject
Global
	GlobalSection(SolutionConfigurationPlatforms) = preSolution
		Debug|Any CPU = Debug|Any CPU
		Release|Any CPU = Release|Any CPU
	EndGlobalSection
	GlobalSection(ProjectConfigurationPlatforms) = postSolution
		{B72B913E-2068-41ED-B9CF-4C8DE205B17C}.Debug|Any CPU.ActiveCfg = Debug|Any CPU
		{B72B913E-2068-41ED-B9CF-4C8DE205B17C}.Debug|Any CPU.Build.0 = Debug|Any CPU
		{B72B913E-2068-41ED-B9CF-4C8DE205B17C}.Release|Any CPU.ActiveCfg = Release|Any CPU
		{B72B913E-2068-41ED-B9CF-4C8DE205B17C}.Release|Any CPU.Build.0 = Release|Any CPU
		{2426137A-8B43-4423-8EAE-89600EDCB65E}.Debug|Any CPU.ActiveCfg = Debug|Any CPU
		{2426137A-8B43-4423-8EAE-89600EDCB65E}.Debug|Any CPU.Build.0 = Debug|Any CPU
		{2426137A-8B43-4423-8EAE-89600EDCB65E}.Release|Any CPU.ActiveCfg = Release|Any CPU
		{2426137A-8B43-4423-8EAE-89600EDCB65E}.Release|Any CPU.Build.0 = Release|Any CPU
		{5E8AEC1B-7A3B-4697-A78D-6E8511754709}.Debug|Any CPU.ActiveCfg = Debug|Any CPU
		{5E8AEC1B-7A3B-4697-A78D-6E8511754709}.Debug|Any CPU.Build.0 = Debug|Any CPU
		{5E8AEC1B-7A3B-4697-A78D-6E8511754709}.Release|Any CPU.ActiveCfg = Release|Any CPU
		{5E8AEC1B-7A3B-4697-A78D-6E8511754709}.Release|Any CPU.Build.0 = Release|Any CPU
		{CF5C931D-3637-4E87-BFA6-11DEA422686D}.Debug|Any CPU.ActiveCfg = Debug|Any CPU
		{CF5C931D-3637-4E87-BFA6-11DEA422686D}.Debug|Any CPU.Build.0 = Debug|Any CPU
		{CF5C931D-3637-4E87-BFA6-11DEA422686D}.Release|Any CPU.ActiveCfg = Release|Any CPU
		{CF5C931D-3637-4E87-BFA6-11DEA422686D}.Release|Any CPU.Build.0 = Release|Any CPU
	EndGlobalSection
	GlobalSection(SolutionProperties) = preSolution
		HideSolutionNode = FALSE
	EndGlobalSection
	GlobalSection(ExtensibilityGlobals) = postSolution
		SolutionGuid = {E17CA52C-81EA-46EB-8A99-1784EA588C46}
	EndGlobalSection
EndGlobal
